
Microsoft Visual Studio Solution File, Format Version 12.00
# Visual Studio Version 17
VisualStudioVersion = 17.6.33815.320
MinimumVisualStudioVersion = 10.0.40219.1
Project("{888888A0-9F3D-457C-B088-3A5042F75D52}") = "lines", "lines\lines.pyproj", "{13EA03AD-C50B-42D8-9787-845F67E6001D}"
EndProject
Global
	GlobalSection(SolutionConfigurationPlatforms) = preSolution
		Debug|Any CPU = Debug|Any CPU
		Release|Any CPU = Release|Any CPU
	EndGlobalSection
	GlobalSection(ProjectConfigurationPlatforms) = postSolution
		{13EA03AD-C50B-42D8-9787-845F67E6001D}.Debug|Any CPU.ActiveCfg = Debug|Any CPU
		{13EA03AD-C50B-42D8-9787-845F67E6001D}.Release|Any CPU.ActiveCfg = Release|Any CPU
	EndGlobalSection
	GlobalSection(SolutionProperties) = preSolution
		HideSolutionNode = FALSE
	EndGlobalSection
	GlobalSection(ExtensibilityGlobals) = postSolution
		SolutionGuid = {8105A2EB-85C4-4AF3-9FC3-736B05EAB0B8}
	EndGlobalSection
EndGlobal
